<Solution>
  <Folder Name="/Solution Items/">
    <File Path=".editorconfig" />
    <File Path=".gitignore" />
    <File Path=".markdownlint-cli2.yaml" />
    <File Path=".yamllint.yaml" />
    <File Path="AGENTS.md" />
    <File Path="CONTRIBUTING.md" />
    <File Path="Directory.Build.props" />
    <File Path="Directory.Packages.props" />
    <File Path="Local.runsettings" />
    <File Path="README.md" />
  </Folder>
  <Folder Name="/Solution Items/docs/">
    <File Path="docs/backlog.md" />
    <File Path="docs/igdb-api-notes.md" />
    <File Path="docs/operations.md" />
  </Folder>
  <Folder Name="/Solution Items/docs/archived/">
    <File Path="docs/archived/automapper-removal-plan.md" />
    <File Path="docs/archived/plan-quick-add.md" />
    <File Path="docs/archived/playwright-e2e-tests-plan.md" />
    <File Path="docs/archived/prerender-flash-fix.md" />
    <File Path="docs/archived/README.md" />
    <File Path="docs/archived/reference-ratings-plan.md" />
    <File Path="docs/archived/share-collections-plan.md" />
    <File Path="docs/archived/testing-assessment.md" />
  </Folder>
  <Folder Name="/Solution Items/docs/findings/">
    <File Path="docs/findings/blazor-ui.md" />
    <File Path="docs/findings/by-design-and-gaps.md" />
    <File Path="docs/findings/persistence-and-mapping.md" />
    <File Path="docs/findings/providers.md" />
    <File Path="docs/findings/README.md" />
    <File Path="docs/findings/reference-matching.md" />
    <File Path="docs/findings/sonar.md" />
    <File Path="docs/findings/sync-explore-and-import.md" />
    <File Path="docs/findings/video-game-matching.md" />
  </Folder>
  <Folder Name="/Solution Items/pipelines/" />
  <Folder Name="/Solution Items/pipelines/azure-devops/">
    <File Path=".azure/pipelines/ci.yml" />
  </Folder>
  <Folder Name="/Solution Items/pipelines/github/">
    <File Path=".github/workflows/ci.yaml" />
    <File Path=".github/workflows/pkg.yaml" />
    <File Path=".github/workflows/reusable-git-check.yml" />
  </Folder>
  <Folder Name="/Solution Items/pipelines/gitlab/">
    <File Path=".gitlab-ci.yml" />
  </Folder>
  <Folder Name="/Solution Items/scripts/">
    <File Path="scripts/dedupe-matched-aliases.js" />
    <File Path="scripts/firebase-user-role.js" />
    <File Path="scripts/migrate-car-history-station.js" />
    <File Path="scripts/migrate-house-schema.js" />
    <File Path="scripts/migrate-is-owned-to-owned-versions.js" />
    <File Path="scripts/migrate-poster-url-to-image-url.js" />
    <File Path="scripts/migrate-videogame-to-embedded-platforms.js" />
    <File Path="scripts/mongodb-create-index.js" />
    <File Path="scripts/mongodb-install.sh" />
    <File Path="scripts/unset-tvshow-want-to-watch.js" />
  </Folder>
  <Project Path="src/BlazorApp/BlazorApp.csproj" />
  <Project Path="src/Common.System/Common.System.csproj" />
  <Project Path="src/Domain/Domain.csproj" />
  <Project Path="src/Infrastructure.MongoDb/Infrastructure.MongoDb.csproj" />
  <Project Path="src/WebApi.Contracts/WebApi.Contracts.csproj" />
  <Project Path="src/WebApi/WebApi.csproj" />
  <Project Path="test/BlazorApp.PlaywrightTests/BlazorApp.PlaywrightTests.csproj" />
  <Project Path="test/BlazorApp.UnitTests/BlazorApp.UnitTests.csproj" />
  <Project Path="test/Testing.Shared/Testing.Shared.csproj" />
  <Project Path="test/WebApi.IntegrationTests/WebApi.IntegrationTests.csproj" />
  <Project Path="test/WebApi.UnitTests/WebApi.UnitTests.csproj" />
</Solution>
